
Microsoft Visual Studio Solution File, Format Version 12.00
# Visual Studio Version 16
VisualStudioVersion = 16.0.31729.503
MinimumVisualStudioVersion = 10.0.40219.1
Project("{FAE04EC0-301F-11D3-BF4B-00C04F79EFBC}") = "ImcApp.Android", "ImcApp\ImcApp.Android\ImcApp.Android.csproj", "{F02827E9-8F60-4FCF-BE9E-C0B7106D5F5D}"
EndProject
Project("{FAE04EC0-301F-11D3-BF4B-00C04F79EFBC}") = "ImcApp.iOS", "ImcApp\ImcApp.iOS\ImcApp.iOS.csproj", "{488A917E-0054-41B3-B429-1D68301B9AA0}"
EndProject
Project("{FAE04EC0-301F-11D3-BF4B-00C04F79EFBC}") = "ImcApp", "ImcApp\ImcApp\ImcApp.csproj", "{639AC7D3-8186-475C-8D52-0EE18DE7EED6}"
EndProject
Global
	GlobalSection(SolutionConfigurationPlatforms) = preSolution
		Debug|Any CPU = Debug|Any CPU
		Debug|iPhone = Debug|iPhone
		Debug|iPhoneSimulator = Debug|iPhoneSimulator
		Release|Any CPU = Release|Any CPU
		Release|iPhone = Release|iPhone
		Release|iPhoneSimulator = Release|iPhoneSimulator
	EndGlobalSection
	GlobalSection(ProjectConfigurationPlatforms) = postSolution
		{F02827E9-8F60-4FCF-BE9E-C0B7106D5F5D}.Debug|Any CPU.ActiveCfg = Debug|Any CPU
		{F02827E9-8F60-4FCF-BE9E-C0B7106D5F5D}.Debug|Any CPU.Build.0 = Debug|Any CPU
		{F02827E9-8F60-4FCF-BE9E-C0B7106D5F5D}.Debug|Any CPU.Deploy.0 = Debug|Any CPU
		{F02827E9-8F60-4FCF-BE9E-C0B7106D5F5D}.Debug|iPhone.ActiveCfg = Debug|Any CPU
		{F02827E9-8F60-4FCF-BE9E-C0B7106D5F5D}.Debug|iPhone.Build.0 = Debug|Any CPU
		{F02827E9-8F60-4FCF-BE9E-C0B7106D5F5D}.Debug|iPhone.Deploy.0 = Debug|Any CPU
		{F02827E9-8F60-4FCF-BE9E-C0B7106D5F5D}.Debug|iPhoneSimulator.ActiveCfg = Debug|Any CPU
		{F02827E9-8F60-4FCF-BE9E-C0B7106D5F5D}.Debug|iPhoneSimulator.Build.0 = Debug|Any CPU
		{F02827E9-8F60-4FCF-BE9E-C0B7106D5F5D}.Debug|iPhoneSimulator.Deploy.0 = Debug|Any CPU
		{F02827E9-8F60-4FCF-BE9E-C0B7106D5F5D}.Release|Any CPU.ActiveCfg = Release|Any CPU
		{F02827E9-8F60-4FCF-BE9E-C0B7106D5F5D}.Release|Any CPU.Build.0 = Release|Any CPU
		{F02827E9-8F60-4FCF-BE9E-C0B7106D5F5D}.Release|Any CPU.Deploy.0 = Release|Any CPU
		{F02827E9-8F60-4FCF-BE9E-C0B7106D5F5D}.Release|iPhone.ActiveCfg = Release|Any CPU
		{F02827E9-8F60-4FCF-BE9E-C0B7106D5F5D}.Release|iPhone.Build.0 = Release|Any CPU
		{F02827E9-8F60-4FCF-BE9E-C0B7106D5F5D}.Release|iPhone.Deploy.0 = Release|Any CPU
		{F02827E9-8F60-4FCF-BE9E-C0B7106D5F5D}.Release|iPhoneSimulator.ActiveCfg = Release|Any CPU
		{F02827E9-8F60-4FCF-BE9E-C0B7106D5F5D}.Release|iPhoneSimulator.Build.0 = Release|Any CPU
		{F02827E9-8F60-4FCF-BE9E-C0B7106D5F5D}.Release|iPhoneSimulator.Deploy.0 = Release|Any CPU
		{488A917E-0054-41B3-B429-1D68301B9AA0}.Debug|Any CPU.ActiveCfg = Debug|iPhone
		{488A917E-0054-41B3-B429-1D68301B9AA0}.Debug|Any CPU.Build.0 = Debug|iPhone
		{488A917E-0054-41B3-B429-1D68301B9AA0}.Debug|Any CPU.Deploy.0 = Debug|iPhone
		{488A917E-0054-41B3-B429-1D68301B9AA0}.Debug|iPhone.ActiveCfg = Debug|iPhone
		{488A917E-0054-41B3-B429-1D68301B9AA0}.Debug|iPhone.Build.0 = Debug|iPhone
		{488A917E-0054-41B3-B429-1D68301B9AA0}.Debug|iPhone.Deploy.0 = Debug|iPhone
		{488A917E-0054-41B3-B429-1D68301B9AA0}.Debug|iPhoneSimulator.ActiveCfg = Debug|iPhoneSimulator
		{488A917E-0054-41B3-B429-1D68301B9AA0}.Debug|iPhoneSimulator.Build.0 = Debug|iPhoneSimulator
		{488A917E-0054-41B3-B429-1D68301B9AA0}.Debug|iPhoneSimulator.Deploy.0 = Debug|iPhoneSimulator
		{488A917E-0054-41B3-B429-1D68301B9AA0}.Release|Any CPU.ActiveCfg = Release|iPhoneSimulator
		{488A917E-0054-41B3-B429-1D68301B9AA0}.Release|Any CPU.Build.0 = Release|iPhoneSimulator
		{488A917E-0054-41B3-B429-1D68301B9AA0}.Release|Any CPU.Deploy.0 = Release|iPhoneSimulator
		{488A917E-0054-41B3-B429-1D68301B9AA0}.Release|iPhone.ActiveCfg = Release|iPhone
		{488A917E-0054-41B3-B429-1D68301B9AA0}.Release|iPhone.Build.0 = Release|iPhone
		{488A917E-0054-41B3-B429-1D68301B9AA0}.Release|iPhone.Deploy.0 = Release|iPhone
		{488A917E-0054-41B3-B429-1D68301B9AA0}.Release|iPhoneSimulator.ActiveCfg = Release|iPhoneSimulator
		{488A917E-0054-41B3-B429-1D68301B9AA0}.Release|iPhoneSimulator.Build.0 = Release|iPhoneSimulator
		{488A917E-0054-41B3-B429-1D68301B9AA0}.Release|iPhoneSimulator.Deploy.0 = Release|iPhoneSimulator
		{639AC7D3-8186-475C-8D52-0EE18DE7EED6}.Debug|Any CPU.ActiveCfg = Debug|Any CPU
		{639AC7D3-8186-475C-8D52-0EE18DE7EED6}.Debug|Any CPU.Build.0 = Debug|Any CPU
		{639AC7D3-8186-475C-8D52-0EE18DE7EED6}.Debug|Any CPU.Deploy.0 = Debug|Any CPU
		{639AC7D3-8186-475C-8D52-0EE18DE7EED6}.Debug|iPhone.ActiveCfg = Debug|Any CPU
		{639AC7D3-8186-475C-8D52-0EE18DE7EED6}.Debug|iPhone.Build.0 = Debug|Any CPU
		{639AC7D3-8186-475C-8D52-0EE18DE7EED6}.Debug|iPhone.Deploy.0 = Debug|Any CPU
		{639AC7D3-8186-475C-8D52-0EE18DE7EED6}.Debug|iPhoneSimulator.ActiveCfg = Debug|Any CPU
		{639AC7D3-8186-475C-8D52-0EE18DE7EED6}.Debug|iPhoneSimulator.Build.0 = Debug|Any CPU
		{639AC7D3-8186-475C-8D52-0EE18DE7EED6}.Debug|iPhoneSimulator.Deploy.0 = Debug|Any CPU
		{639AC7D3-8186-475C-8D52-0EE18DE7EED6}.Release|Any CPU.ActiveCfg = Release|Any CPU
		{639AC7D3-8186-475C-8D52-0EE18DE7EED6}.Release|Any CPU.Build.0 = Release|Any CPU
		{639AC7D3-8186-475C-8D52-0EE18DE7EED6}.Release|Any CPU.Deploy.0 = Release|Any CPU
		{639AC7D3-8186-475C-8D52-0EE18DE7EED6}.Release|iPhone.ActiveCfg = Release|Any CPU
		{639AC7D3-8186-475C-8D52-0EE18DE7EED6}.Release|iPhone.Build.0 = Release|Any CPU
		{639AC7D3-8186-475C-8D52-0EE18DE7EED6}.Release|iPhone.Deploy.0 = Release|Any CPU
		{639AC7D3-8186-475C-8D52-0EE18DE7EED6}.Release|iPhoneSimulator.ActiveCfg = Release|Any CPU
		{639AC7D3-8186-475C-8D52-0EE18DE7EED6}.Release|iPhoneSimulator.Build.0 = Release|Any CPU
		{639AC7D3-8186-475C-8D52-0EE18DE7EED6}.Release|iPhoneSimulator.Deploy.0 = Release|Any CPU
	EndGlobalSection
	GlobalSection(SolutionProperties) = preSolution
		HideSolutionNode = FALSE
	EndGlobalSection
	GlobalSection(ExtensibilityGlobals) = postSolution
		SolutionGuid = {1BC1DA77-73CE-4A74-BEB3-997349718708}
	EndGlobalSection
EndGlobal
